
Microsoft Visual Studio Solution File, Format Version 12.00
# Visual Studio Version 16
VisualStudioVersion = 16.0.30717.126
MinimumVisualStudioVersion = 10.0.40219.1
Project("{FAE04EC0-301F-11D3-BF4B-00C04F79EFBC}") = "Projekt", "Projekt.csproj", "{264D51CD-9DE3-4CB8-AC47-72F3CE3663D0}"
EndProject
Global
	GlobalSection(SolutionConfigurationPlatforms) = preSolution
		Debug|Any CPU = Debug|Any CPU
		Release|Any CPU = Release|Any CPU
	EndGlobalSection
	GlobalSection(ProjectConfigurationPlatforms) = postSolution
		{264D51CD-9DE3-4CB8-AC47-72F3CE3663D0}.Debug|Any CPU.ActiveCfg = Debug|Any CPU
		{264D51CD-9DE3-4CB8-AC47-72F3CE3663D0}.Debug|Any CPU.Build.0 = Debug|Any CPU
		{264D51CD-9DE3-4CB8-AC47-72F3CE3663D0}.Release|Any CPU.ActiveCfg = Release|Any CPU
		{264D51CD-9DE3-4CB8-AC47-72F3CE3663D0}.Release|Any CPU.Build.0 = Release|Any CPU
	EndGlobalSection
	GlobalSection(SolutionProperties) = preSolution
		HideSolutionNode = FALSE
	EndGlobalSection
	GlobalSection(ExtensibilityGlobals) = postSolution
		SolutionGuid = {782CE714-8D8D-42F5-98BF-562D7712D9C7}
	EndGlobalSection
EndGlobal
